
Microsoft Visual Studio Solution File, Format Version 12.00
# Visual Studio 15
VisualStudioVersion = 15.0.28307.438
MinimumVisualStudioVersion = 10.0.40219.1
Project("{FAE04EC0-301F-11D3-BF4B-00C04F79EFBC}") = "Core", "Core\Core.csproj", "{7201815C-45E9-4597-B1B8-5BE8379585FA}"
EndProject
Project("{FAE04EC0-301F-11D3-BF4B-00C04F79EFBC}") = "UI", "UI\UI.csproj", "{910D8FA7-A465-4096-83C8-7F4FADCB9BF0}"
EndProject
Project("{FAE04EC0-301F-11D3-BF4B-00C04F79EFBC}") = "App", "App\App.csproj", "{A1ACC7EC-B467-499B-A741-614E847B9F10}"
EndProject
Project("{FAE04EC0-301F-11D3-BF4B-00C04F79EFBC}") = "Graphics", "Graphics\Graphics.csproj", "{7CF8F28B-D371-4261-8A97-B953F897F6E4}"
EndProject
Global
	GlobalSection(SolutionConfigurationPlatforms) = preSolution
		Debug|Any CPU = Debug|Any CPU
		Release|Any CPU = Release|Any CPU
	EndGlobalSection
	GlobalSection(ProjectConfigurationPlatforms) = postSolution
		{7201815C-45E9-4597-B1B8-5BE8379585FA}.Debug|Any CPU.ActiveCfg = Debug|Any CPU
		{7201815C-45E9-4597-B1B8-5BE8379585FA}.Debug|Any CPU.Build.0 = Debug|Any CPU
		{7201815C-45E9-4597-B1B8-5BE8379585FA}.Release|Any CPU.ActiveCfg = Release|Any CPU
		{7201815C-45E9-4597-B1B8-5BE8379585FA}.Release|Any CPU.Build.0 = Release|Any CPU
		{910D8FA7-A465-4096-83C8-7F4FADCB9BF0}.Debug|Any CPU.ActiveCfg = Debug|Any CPU
		{910D8FA7-A465-4096-83C8-7F4FADCB9BF0}.Debug|Any CPU.Build.0 = Debug|Any CPU
		{910D8FA7-A465-4096-83C8-7F4FADCB9BF0}.Release|Any CPU.ActiveCfg = Release|Any CPU
		{910D8FA7-A465-4096-83C8-7F4FADCB9BF0}.Release|Any CPU.Build.0 = Release|Any CPU
		{A1ACC7EC-B467-499B-A741-614E847B9F10}.Debug|Any CPU.ActiveCfg = Debug|Any CPU
		{A1ACC7EC-B467-499B-A741-614E847B9F10}.Debug|Any CPU.Build.0 = Debug|Any CPU
		{A1ACC7EC-B467-499B-A741-614E847B9F10}.Release|Any CPU.ActiveCfg = Release|Any CPU
		{A1ACC7EC-B467-499B-A741-614E847B9F10}.Release|Any CPU.Build.0 = Release|Any CPU
		{7CF8F28B-D371-4261-8A97-B953F897F6E4}.Debug|Any CPU.ActiveCfg = Debug|Any CPU
		{7CF8F28B-D371-4261-8A97-B953F897F6E4}.Debug|Any CPU.Build.0 = Debug|Any CPU
		{7CF8F28B-D371-4261-8A97-B953F897F6E4}.Release|Any CPU.ActiveCfg = Release|Any CPU
		{7CF8F28B-D371-4261-8A97-B953F897F6E4}.Release|Any CPU.Build.0 = Release|Any CPU
	EndGlobalSection
	GlobalSection(SolutionProperties) = preSolution
		HideSolutionNode = FALSE
	EndGlobalSection
	GlobalSection(ExtensibilityGlobals) = postSolution
		SolutionGuid = {7A321B78-41BE-446B-B052-5B180F48EA80}
	EndGlobalSection
EndGlobal
